
Microsoft Visual Studio Solution File, Format Version 12.00
# Visual Studio 15
Project("{FAE04EC0-301F-11D3-BF4B-00C04F79EFBC}") = "Assembly-CSharp", "Assembly-CSharp.csproj", "{7FDA718E-107C-51BA-5F8E-595786AC2DDA}"
EndProject
Project("{FAE04EC0-301F-11D3-BF4B-00C04F79EFBC}") = "CFXRRuntime", "CFXRRuntime.csproj", "{DD1D8FCB-0BD7-7FB3-6E7C-ACF309F7EF42}"
EndProject
Project("{FAE04EC0-301F-11D3-BF4B-00C04F79EFBC}") = "CFXRDemo", "CFXRDemo.csproj", "{BC2B1AC9-746E-EB19-7DDA-D6E3135933E1}"
EndProject
Project("{FAE04EC0-301F-11D3-BF4B-00C04F79EFBC}") = "KinoBloom.Runtime", "KinoBloom.Runtime.csproj", "{7BCB3B84-005C-478A-A42B-B9F35F65A18A}"
EndProject
Project("{FAE04EC0-301F-11D3-BF4B-00C04F79EFBC}") = "Assembly-CSharp-Editor", "Assembly-CSharp-Editor.csproj", "{65D7BEE2-C1DE-D44A-4CD2-E32A3D36CCC6}"
EndProject
Project("{FAE04EC0-301F-11D3-BF4B-00C04F79EFBC}") = "CFXR.WelcomeScreen", "CFXR.WelcomeScreen.csproj", "{8BDEB761-B759-E662-3769-83B6E19D5EC1}"
EndProject
Project("{FAE04EC0-301F-11D3-BF4B-00C04F79EFBC}") = "CFXREditor", "CFXREditor.csproj", "{847BA2D9-F023-12E5-C247-363151F641D5}"
EndProject
Project("{FAE04EC0-301F-11D3-BF4B-00C04F79EFBC}") = "ToonyColorsPro.Demo.Editor", "ToonyColorsPro.Demo.Editor.csproj", "{FAD118C0-253A-87D0-693B-406EB642AFE4}"
EndProject
Global
	GlobalSection(SolutionConfigurationPlatforms) = preSolution
		Debug|Any CPU = Debug|Any CPU
		Release|Any CPU = Release|Any CPU
	EndGlobalSection
	GlobalSection(ProjectConfigurationPlatforms) = postSolution
		{7FDA718E-107C-51BA-5F8E-595786AC2DDA}.Debug|Any CPU.ActiveCfg = Debug|Any CPU
		{7FDA718E-107C-51BA-5F8E-595786AC2DDA}.Debug|Any CPU.Build.0 = Debug|Any CPU
		{7FDA718E-107C-51BA-5F8E-595786AC2DDA}.Release|Any CPU.ActiveCfg = Release|Any CPU
		{7FDA718E-107C-51BA-5F8E-595786AC2DDA}.Release|Any CPU.Build.0 = Release|Any CPU
		{DD1D8FCB-0BD7-7FB3-6E7C-ACF309F7EF42}.Debug|Any CPU.ActiveCfg = Debug|Any CPU
		{DD1D8FCB-0BD7-7FB3-6E7C-ACF309F7EF42}.Debug|Any CPU.Build.0 = Debug|Any CPU
		{DD1D8FCB-0BD7-7FB3-6E7C-ACF309F7EF42}.Release|Any CPU.ActiveCfg = Release|Any CPU
		{DD1D8FCB-0BD7-7FB3-6E7C-ACF309F7EF42}.Release|Any CPU.Build.0 = Release|Any CPU
		{BC2B1AC9-746E-EB19-7DDA-D6E3135933E1}.Debug|Any CPU.ActiveCfg = Debug|Any CPU
		{BC2B1AC9-746E-EB19-7DDA-D6E3135933E1}.Debug|Any CPU.Build.0 = Debug|Any CPU
		{BC2B1AC9-746E-EB19-7DDA-D6E3135933E1}.Release|Any CPU.ActiveCfg = Release|Any CPU
		{BC2B1AC9-746E-EB19-7DDA-D6E3135933E1}.Release|Any CPU.Build.0 = Release|Any CPU
		{7BCB3B84-005C-478A-A42B-B9F35F65A18A}.Debug|Any CPU.ActiveCfg = Debug|Any CPU
		{7BCB3B84-005C-478A-A42B-B9F35F65A18A}.Debug|Any CPU.Build.0 = Debug|Any CPU
		{7BCB3B84-005C-478A-A42B-B9F35F65A18A}.Release|Any CPU.ActiveCfg = Release|Any CPU
		{7BCB3B84-005C-478A-A42B-B9F35F65A18A}.Release|Any CPU.Build.0 = Release|Any CPU
		{65D7BEE2-C1DE-D44A-4CD2-E32A3D36CCC6}.Debug|Any CPU.ActiveCfg = Debug|Any CPU
		{65D7BEE2-C1DE-D44A-4CD2-E32A3D36CCC6}.Debug|Any CPU.Build.0 = Debug|Any CPU
		{65D7BEE2-C1DE-D44A-4CD2-E32A3D36CCC6}.Release|Any CPU.ActiveCfg = Release|Any CPU
		{65D7BEE2-C1DE-D44A-4CD2-E32A3D36CCC6}.Release|Any CPU.Build.0 = Release|Any CPU
		{8BDEB761-B759-E662-3769-83B6E19D5EC1}.Debug|Any CPU.ActiveCfg = Debug|Any CPU
		{8BDEB761-B759-E662-3769-83B6E19D5EC1}.Debug|Any CPU.Build.0 = Debug|Any CPU
		{8BDEB761-B759-E662-3769-83B6E19D5EC1}.Release|Any CPU.ActiveCfg = Release|Any CPU
		{8BDEB761-B759-E662-3769-83B6E19D5EC1}.Release|Any CPU.Build.0 = Release|Any CPU
		{847BA2D9-F023-12E5-C247-363151F641D5}.Debug|Any CPU.ActiveCfg = Debug|Any CPU
		{847BA2D9-F023-12E5-C247-363151F641D5}.Debug|Any CPU.Build.0 = Debug|Any CPU
		{847BA2D9-F023-12E5-C247-363151F641D5}.Release|Any CPU.ActiveCfg = Release|Any CPU
		{847BA2D9-F023-12E5-C247-363151F641D5}.Release|Any CPU.Build.0 = Release|Any CPU
		{FAD118C0-253A-87D0-693B-406EB642AFE4}.Debug|Any CPU.ActiveCfg = Debug|Any CPU
		{FAD118C0-253A-87D0-693B-406EB642AFE4}.Debug|Any CPU.Build.0 = Debug|Any CPU
		{FAD118C0-253A-87D0-693B-406EB642AFE4}.Release|Any CPU.ActiveCfg = Release|Any CPU
		{FAD118C0-253A-87D0-693B-406EB642AFE4}.Release|Any CPU.Build.0 = Release|Any CPU
	EndGlobalSection
	GlobalSection(SolutionProperties) = preSolution
		HideSolutionNode = FALSE
	EndGlobalSection
EndGlobal
